// !$*UTF8*$!
{
	archiveVersion = 1;
	classes = {
	};
	objectVersion = 46;
	objects = {

/* Begin PBXBuildFile section */
		943DF058150AAC6D0068049B /* main.m in Sources */ = {isa = PBXBuildFile; fileRef = 943DF057150AAC6D0068049B /* main.m */; };
		943DF05A150AAC6D0068049B /* fswatch.1 in CopyFiles */ = {isa = PBXBuildFile; fileRef = 943DF059150AAC6D0068049B /* fswatch.1 */; };
		943DF061150AB32B0068049B /* CoreServices.framework in Frameworks */ = {isa = PBXBuildFile; fileRef = 943DF060150AB32B0068049B /* CoreServices.framework */; };
		943DF063150AB3AA0068049B /* Foundation.framework in Frameworks */ = {isa = PBXBuildFile; fileRef = 943DF062150AB3AA0068049B /* Foundation.framework */; };
/* End PBXBuildFile section */

/* Begin PBXCopyFilesBuildPhase section */
		943DF051150AAC6D0068049B /* CopyFiles */ = {
			isa = PBXCopyFilesBuildPhase;
			buildActionMask = 2147483647;
			dstPath = /usr/share/man/man1/;
			dstSubfolderSpec = 0;
			files = (
				943DF05A150AAC6D0068049B /* fswatch.1 in CopyFiles */,
			);
			runOnlyForDeploymentPostprocessing = 1;
		};
/* End PBXCopyFilesBuildPhase section */

/* Begin PBXFileReference section */
		943DF053150AAC6D0068049B /* fswatch */ = {isa = PBXFileReference; explicitFileType = "compiled.mach-o.executable"; includeInIndex = 0; path = fswatch; sourceTree = BUILT_PRODUCTS_DIR; };
		943DF057150AAC6D0068049B /* main.m */ = {isa = PBXFileReference; lastKnownFileType = sourcecode.c.objc; path = main.m; sourceTree = "<group>"; };
		943DF059150AAC6D0068049B /* fswatch.1 */ = {isa = PBXFileReference; lastKnownFileType = text.man; path = fswatch.1; sourceTree = "<group>"; };
		943DF060150AB32B0068049B /* CoreServices.framework */ = {isa = PBXFileReference; lastKnownFileType = wrapper.framework; name = CoreServices.framework; path = System/Library/Frameworks/CoreServices.framework; sourceTree = SDKROOT; };
		943DF062150AB3AA0068049B /* Foundation.framework */ = {isa = PBXFileReference; lastKnownFileType = wrapper.framework; name = Foundation.framework; path = System/Library/Frameworks/Foundation.framework; sourceTree = SDKROOT; };
/* End PBXFileReference section */

/* Begin PBXFrameworksBuildPhase section */
		943DF050150AAC6D0068049B /* Frameworks */ = {
			isa = PBXFrameworksBuildPhase;
			buildActionMask = 2147483647;
			files = (
				943DF063150AB3AA0068049B /* Foundation.framework in Frameworks */,
				943DF061150AB32B0068049B /* CoreServices.framework in Frameworks */,
			);
			runOnlyForDeploymentPostprocessing = 0;
		};
/* End PBXFrameworksBuildPhase section */

/* Begin PBXGroup section */
		943DF048150AAC6D0068049B = {
			isa = PBXGroup;
			children = (
				943DF062150AB3AA0068049B /* Foundation.framework */,
				943DF060150AB32B0068049B /* CoreServices.framework */,
				943DF056150AAC6D0068049B /* fswatch */,
				943DF054150AAC6D0068049B /* Products */,
			);
			sourceTree = "<group>";
		};
		943DF054150AAC6D0068049B /* Products */ = {
			isa = PBXGroup;
			children = (
				943DF053150AAC6D0068049B /* fswatch */,
			);
			name = Products;
			sourceTree = "<group>";
		};
		943DF056150AAC6D0068049B /* fswatch */ = {
			isa = PBXGroup;
			children = (
				943DF057150AAC6D0068049B /* main.m */,
				943DF059150AAC6D0068049B /* fswatch.1 */,
			);
			path = fswatch;
			sourceTree = "<group>";
		};
/* End PBXGroup section */

/* Begin PBXNativeTarget section */
		943DF052150AAC6D0068049B /* fswatch */ = {
			isa = PBXNativeTarget;
			buildConfigurationList = 943DF05D150AAC6D0068049B /* Build configuration list for PBXNativeTarget "fswatch" */;
			buildPhases = (
				943DF04F150AAC6D0068049B /* Sources */,
				943DF050150AAC6D0068049B /* Frameworks */,
				943DF051150AAC6D0068049B /* CopyFiles */,
			);
			buildRules = (
			);
			dependencies = (
			);
			name = fswatch;
			productName = fswatch;
			productReference = 943DF053150AAC6D0068049B /* fswatch */;
			productType = "com.apple.product-type.tool";
		};
/* End PBXNativeTarget section */

/* Begin PBXProject section */
		943DF04A150AAC6D0068049B /* Project object */ = {
			isa = PBXProject;
			attributes = {
				ORGANIZATIONNAME = "8th Light";
			};
			buildConfigurationList = 943DF04D150AAC6D0068049B /* Build configuration list for PBXProject "fswatch" */;
			compatibilityVersion = "Xcode 3.2";
			developmentRegion = English;
			hasScannedForEncodings = 0;
			knownRegions = (
				en,
			);
			mainGroup = 943DF048150AAC6D0068049B;
			productRefGroup = 943DF054150AAC6D0068049B /* Products */;
			projectDirPath = "";
			projectRoot = "";
			targets = (
				943DF052150AAC6D0068049B /* fswatch */,
			);
		};
/* End PBXProject section */

/* Begin PBXSourcesBuildPhase section */
		943DF04F150AAC6D0068049B /* Sources */ = {
			isa = PBXSourcesBuildPhase;
			buildActionMask = 2147483647;
			files = (
				943DF058150AAC6D0068049B /* main.m in Sources */,
			);
			runOnlyForDeploymentPostprocessing = 0;
		};
/* End PBXSourcesBuildPhase section */

/* Begin XCBuildConfiguration section */
		943DF05B150AAC6D0068049B /* Debug */ = {
			isa = XCBuildConfiguration;
			buildSettings = {
				ALWAYS_SEARCH_USER_PATHS = NO;
				ARCHS = "$(ARCHS_STANDARD_64_BIT)";
				COPY_PHASE_STRIP = NO;
				GCC_C_LANGUAGE_STANDARD = gnu99;
				GCC_DYNAMIC_NO_PIC = NO;
				GCC_ENABLE_OBJC_EXCEPTIONS = YES;
				GCC_OPTIMIZATION_LEVEL = 0;
				GCC_PREPROCESSOR_DEFINITIONS = (
					"DEBUG=1",
					"$(inherited)",
				);
				GCC_SYMBOLS_PRIVATE_EXTERN = NO;
				GCC_VERSION = com.apple.compilers.llvm.clang.1_0;
				GCC_WARN_64_TO_32_BIT_CONVERSION = YES;
				GCC_WARN_ABOUT_MISSING_PROTOTYPES = YES;
				GCC_WARN_ABOUT_RETURN_TYPE = YES;
				GCC_WARN_UNUSED_VARIABLE = YES;
				MACOSX_DEPLOYMENT_TARGET = 10.7;
				ONLY_ACTIVE_ARCH = YES;
				SDKROOT = macosx;
			};
			name = Debug;
		};
		943DF05C150AAC6D0068049B /* Release */ = {
			isa = XCBuildConfiguration;
			buildSettings = {
				ALWAYS_SEARCH_USER_PATHS = NO;
				ARCHS = "$(ARCHS_STANDARD_64_BIT)";
				COPY_PHASE_STRIP = YES;
				DEBUG_INFORMATION_FORMAT = "dwarf-with-dsym";
				GCC_C_LANGUAGE_STANDARD = gnu99;
				GCC_ENABLE_OBJC_EXCEPTIONS = YES;
				GCC_VERSION = com.apple.compilers.llvm.clang.1_0;
				GCC_WARN_64_TO_32_BIT_CONVERSION = YES;
				GCC_WARN_ABOUT_MISSING_PROTOTYPES = YES;
				GCC_WARN_ABOUT_RETURN_TYPE = YES;
				GCC_WARN_UNUSED_VARIABLE = YES;
				MACOSX_DEPLOYMENT_TARGET = 10.7;
				SDKROOT = macosx;
			};
			name = Release;
		};
		943DF05E150AAC6D0068049B /* Debug */ = {
			isa = XCBuildConfiguration;
			buildSettings = {
				PRODUCT_NAME = "$(TARGET_NAME)";
			};
			name = Debug;
		};
		943DF05F150AAC6D0068049B /* Release */ = {
			isa = XCBuildConfiguration;
			buildSettings = {
				PRODUCT_NAME = "$(TARGET_NAME)";
			};
			name = Release;
		};
/* End XCBuildConfiguration section */

/* Begin XCConfigurationList section */
		943DF04D150AAC6D0068049B /* Build configuration list for PBXProject "fswatch" */ = {
			isa = XCConfigurationList;
			buildConfigurations = (
				943DF05B150AAC6D0068049B /* Debug */,
				943DF05C150AAC6D0068049B /* Release */,
			);
			defaultConfigurationIsVisible = 0;
			defaultConfigurationName = Release;
		};
		943DF05D150AAC6D0068049B /* Build configuration list for PBXNativeTarget "fswatch" */ = {
			isa = XCConfigurationList;
			buildConfigurations = (
				943DF05E150AAC6D0068049B /* Debug */,
				943DF05F150AAC6D0068049B /* Release */,
			);
			defaultConfigurationIsVisible = 0;
		};
/* End XCConfigurationList section */
	};
	rootObject = 943DF04A150AAC6D0068049B /* Project object */;
}
